
Microsoft Visual Studio Solution File, Format Version 12.00
# Visual Studio Version 17
VisualStudioVersion = 17.0.32014.148
MinimumVisualStudioVersion = 10.0.40219.1
Project("{FAE04EC0-301F-11D3-BF4B-00C04F79EFBC}") = "studMin", "studMin\studMin.csproj", "{CEA89BE8-A982-47C0-A67F-F8281C556FBD}"
EndProject
Project("{54435603-DBB4-11D2-8724-00A0C9A8B90C}") = "studMin-Setup", "studMin-Setup\studMin-Setup.vdproj", "{566EB3F6-1D08-47AF-9375-D77860BBCA0F}"
EndProject
Global
	GlobalSection(SolutionConfigurationPlatforms) = preSolution
		Debug|Any CPU = Debug|Any CPU
		Release|Any CPU = Release|Any CPU
	EndGlobalSection
	GlobalSection(ProjectConfigurationPlatforms) = postSolution
		{CEA89BE8-A982-47C0-A67F-F8281C556FBD}.Debug|Any CPU.ActiveCfg = Debug|Any CPU
		{CEA89BE8-A982-47C0-A67F-F8281C556FBD}.Debug|Any CPU.Build.0 = Debug|Any CPU
		{CEA89BE8-A982-47C0-A67F-F8281C556FBD}.Release|Any CPU.ActiveCfg = Release|Any CPU
		{CEA89BE8-A982-47C0-A67F-F8281C556FBD}.Release|Any CPU.Build.0 = Release|Any CPU
		{566EB3F6-1D08-47AF-9375-D77860BBCA0F}.Debug|Any CPU.ActiveCfg = Debug
		{566EB3F6-1D08-47AF-9375-D77860BBCA0F}.Release|Any CPU.ActiveCfg = Release
	EndGlobalSection
	GlobalSection(SolutionProperties) = preSolution
		HideSolutionNode = FALSE
	EndGlobalSection
	GlobalSection(ExtensibilityGlobals) = postSolution
		SolutionGuid = {D84D4CEB-F365-4387-A524-3866EA53B98F}
	EndGlobalSection
EndGlobal
